
Microsoft Visual Studio Solution File, Format Version 12.00
# Visual Studio Version 16
VisualStudioVersion = 16.0.31025.194
MinimumVisualStudioVersion = 10.0.40219.1
Project("{8BC9CEB8-8B4A-11D0-8D11-00A0C91BC942}") = "가우스의 계산법", "가우스의 계산법\가우스의 계산법.vcxproj", "{D4052961-9B24-4ED2-9217-A59049986889}"
EndProject
Global
	GlobalSection(SolutionConfigurationPlatforms) = preSolution
		Debug|x64 = Debug|x64
		Debug|x86 = Debug|x86
		Release|x64 = Release|x64
		Release|x86 = Release|x86
	EndGlobalSection
	GlobalSection(ProjectConfigurationPlatforms) = postSolution
		{D4052961-9B24-4ED2-9217-A59049986889}.Debug|x64.ActiveCfg = Debug|x64
		{D4052961-9B24-4ED2-9217-A59049986889}.Debug|x64.Build.0 = Debug|x64
		{D4052961-9B24-4ED2-9217-A59049986889}.Debug|x86.ActiveCfg = Debug|Win32
		{D4052961-9B24-4ED2-9217-A59049986889}.Debug|x86.Build.0 = Debug|Win32
		{D4052961-9B24-4ED2-9217-A59049986889}.Release|x64.ActiveCfg = Release|x64
		{D4052961-9B24-4ED2-9217-A59049986889}.Release|x64.Build.0 = Release|x64
		{D4052961-9B24-4ED2-9217-A59049986889}.Release|x86.ActiveCfg = Release|Win32
		{D4052961-9B24-4ED2-9217-A59049986889}.Release|x86.Build.0 = Release|Win32
	EndGlobalSection
	GlobalSection(SolutionProperties) = preSolution
		HideSolutionNode = FALSE
	EndGlobalSection
	GlobalSection(ExtensibilityGlobals) = postSolution
		SolutionGuid = {3F872534-3525-42E7-9F03-BD7F2E11A01B}
	EndGlobalSection
EndGlobal
