
Microsoft Visual Studio Solution File, Format Version 12.00
# Visual Studio Version 16
VisualStudioVersion = 16.0.31025.194
MinimumVisualStudioVersion = 10.0.40219.1
Project("{8BC9CEB8-8B4A-11D0-8D11-00A0C91BC942}") = "단순 연결리스트 구현", "단순 연결리스트 구현\단순 연결리스트 구현.vcxproj", "{F5AD4A13-6FA5-4478-BDD6-5170E7E0AC82}"
EndProject
Global
	GlobalSection(SolutionConfigurationPlatforms) = preSolution
		Debug|x64 = Debug|x64
		Debug|x86 = Debug|x86
		Release|x64 = Release|x64
		Release|x86 = Release|x86
	EndGlobalSection
	GlobalSection(ProjectConfigurationPlatforms) = postSolution
		{F5AD4A13-6FA5-4478-BDD6-5170E7E0AC82}.Debug|x64.ActiveCfg = Debug|x64
		{F5AD4A13-6FA5-4478-BDD6-5170E7E0AC82}.Debug|x64.Build.0 = Debug|x64
		{F5AD4A13-6FA5-4478-BDD6-5170E7E0AC82}.Debug|x86.ActiveCfg = Debug|Win32
		{F5AD4A13-6FA5-4478-BDD6-5170E7E0AC82}.Debug|x86.Build.0 = Debug|Win32
		{F5AD4A13-6FA5-4478-BDD6-5170E7E0AC82}.Release|x64.ActiveCfg = Release|x64
		{F5AD4A13-6FA5-4478-BDD6-5170E7E0AC82}.Release|x64.Build.0 = Release|x64
		{F5AD4A13-6FA5-4478-BDD6-5170E7E0AC82}.Release|x86.ActiveCfg = Release|Win32
		{F5AD4A13-6FA5-4478-BDD6-5170E7E0AC82}.Release|x86.Build.0 = Release|Win32
	EndGlobalSection
	GlobalSection(SolutionProperties) = preSolution
		HideSolutionNode = FALSE
	EndGlobalSection
	GlobalSection(ExtensibilityGlobals) = postSolution
		SolutionGuid = {FBB2A7B3-B100-4D90-A5F6-1F9F1D8A9DAE}
	EndGlobalSection
EndGlobal
