
Microsoft Visual Studio Solution File, Format Version 12.00
# Visual Studio Version 16
VisualStudioVersion = 16.0.31025.194
MinimumVisualStudioVersion = 10.0.40219.1
Project("{FAE04EC0-301F-11D3-BF4B-00C04F79EFBC}") = "시그마를 공식으로 변환", "시그마를 공식으로 변환\시그마를 공식으로 변환.csproj", "{C564F0CA-5D06-486C-87B0-45E7D8B78532}"
EndProject
Global
	GlobalSection(SolutionConfigurationPlatforms) = preSolution
		Debug|Any CPU = Debug|Any CPU
		Release|Any CPU = Release|Any CPU
	EndGlobalSection
	GlobalSection(ProjectConfigurationPlatforms) = postSolution
		{C564F0CA-5D06-486C-87B0-45E7D8B78532}.Debug|Any CPU.ActiveCfg = Debug|Any CPU
		{C564F0CA-5D06-486C-87B0-45E7D8B78532}.Debug|Any CPU.Build.0 = Debug|Any CPU
		{C564F0CA-5D06-486C-87B0-45E7D8B78532}.Release|Any CPU.ActiveCfg = Release|Any CPU
		{C564F0CA-5D06-486C-87B0-45E7D8B78532}.Release|Any CPU.Build.0 = Release|Any CPU
	EndGlobalSection
	GlobalSection(SolutionProperties) = preSolution
		HideSolutionNode = FALSE
	EndGlobalSection
	GlobalSection(ExtensibilityGlobals) = postSolution
		SolutionGuid = {0D1E8145-B668-4108-825E-9C76922FB0A9}
	EndGlobalSection
EndGlobal
